
Microsoft Visual Studio Solution File, Format Version 12.00
# Visual Studio Version 17
VisualStudioVersion = 17.4.33213.308
MinimumVisualStudioVersion = 10.0.40219.1
Project("{FAE04EC0-301F-11D3-BF4B-00C04F79EFBC}") = "EjercicioRecursivosSLE26Sep", "EjercicioRecursivosSLE26Sep.csproj", "{FB655BEA-C9C3-4AC8-88CA-EF1EEAF0190D}"
EndProject
Global
	GlobalSection(SolutionConfigurationPlatforms) = preSolution
		Debug|Any CPU = Debug|Any CPU
		Release|Any CPU = Release|Any CPU
	EndGlobalSection
	GlobalSection(ProjectConfigurationPlatforms) = postSolution
		{FB655BEA-C9C3-4AC8-88CA-EF1EEAF0190D}.Debug|Any CPU.ActiveCfg = Debug|Any CPU
		{FB655BEA-C9C3-4AC8-88CA-EF1EEAF0190D}.Debug|Any CPU.Build.0 = Debug|Any CPU
		{FB655BEA-C9C3-4AC8-88CA-EF1EEAF0190D}.Release|Any CPU.ActiveCfg = Release|Any CPU
		{FB655BEA-C9C3-4AC8-88CA-EF1EEAF0190D}.Release|Any CPU.Build.0 = Release|Any CPU
	EndGlobalSection
	GlobalSection(SolutionProperties) = preSolution
		HideSolutionNode = FALSE
	EndGlobalSection
	GlobalSection(ExtensibilityGlobals) = postSolution
		SolutionGuid = {1C0C4C83-2B9A-4E58-BBBB-9EE4C124FB1E}
	EndGlobalSection
EndGlobal
